
Microsoft Visual Studio Solution File, Format Version 12.00
# Visual Studio Version 17
VisualStudioVersion = 17.7.34031.279
MinimumVisualStudioVersion = 10.0.40219.1
Project("{9A19103F-16F7-4668-BE54-9A1E7A4F7556}") = "ProyectoGrupo5", "ProyectoGrupo5.csproj", "{B948C395-7F68-4C59-8F51-F442E266EDF8}"
EndProject
Global
	GlobalSection(SolutionConfigurationPlatforms) = preSolution
		Debug|Any CPU = Debug|Any CPU
		Release|Any CPU = Release|Any CPU
	EndGlobalSection
	GlobalSection(ProjectConfigurationPlatforms) = postSolution
		{B948C395-7F68-4C59-8F51-F442E266EDF8}.Debug|Any CPU.ActiveCfg = Debug|Any CPU
		{B948C395-7F68-4C59-8F51-F442E266EDF8}.Debug|Any CPU.Build.0 = Debug|Any CPU
		{B948C395-7F68-4C59-8F51-F442E266EDF8}.Release|Any CPU.ActiveCfg = Release|Any CPU
		{B948C395-7F68-4C59-8F51-F442E266EDF8}.Release|Any CPU.Build.0 = Release|Any CPU
	EndGlobalSection
	GlobalSection(SolutionProperties) = preSolution
		HideSolutionNode = FALSE
	EndGlobalSection
	GlobalSection(ExtensibilityGlobals) = postSolution
		SolutionGuid = {0D576253-AF13-45EF-B20B-2D322BFFA88A}
	EndGlobalSection
EndGlobal
